// !$*UTF8*$!
{
	archiveVersion = 1;
	classes = {
	};
	objectVersion = 50;
	objects = {

/* Begin PBXBuildFile section */
		557E0112269656A600F3BC4B /* AppDelegate.swift in Sources */ = {isa = PBXBuildFile; fileRef = 557E0111269656A600F3BC4B /* AppDelegate.swift */; };
		557E0114269656A600F3BC4B /* DocumentBrowserViewController.swift in Sources */ = {isa = PBXBuildFile; fileRef = 557E0113269656A600F3BC4B /* DocumentBrowserViewController.swift */; };
		557E0116269656A600F3BC4B /* DocumentViewController.swift in Sources */ = {isa = PBXBuildFile; fileRef = 557E0115269656A600F3BC4B /* DocumentViewController.swift */; };
		557E0118269656A600F3BC4B /* Document.swift in Sources */ = {isa = PBXBuildFile; fileRef = 557E0117269656A600F3BC4B /* Document.swift */; };
		557E011B269656A600F3BC4B /* Main.storyboard in Resources */ = {isa = PBXBuildFile; fileRef = 557E0119269656A600F3BC4B /* Main.storyboard */; };
		557E011D269656A800F3BC4B /* Assets.xcassets in Resources */ = {isa = PBXBuildFile; fileRef = 557E011C269656A800F3BC4B /* Assets.xcassets */; };
		557E0120269656A800F3BC4B /* LaunchScreen.storyboard in Resources */ = {isa = PBXBuildFile; fileRef = 557E011E269656A800F3BC4B /* LaunchScreen.storyboard */; };
		557E012B269656A800F3BC4B /* GithubTestTests.swift in Sources */ = {isa = PBXBuildFile; fileRef = 557E012A269656A800F3BC4B /* GithubTestTests.swift */; };
		557E0136269656A800F3BC4B /* GithubTestUITests.swift in Sources */ = {isa = PBXBuildFile; fileRef = 557E0135269656A800F3BC4B /* GithubTestUITests.swift */; };
/* End PBXBuildFile section */

/* Begin PBXContainerItemProxy section */
		557E0127269656A800F3BC4B /* PBXContainerItemProxy */ = {
			isa = PBXContainerItemProxy;
			containerPortal = 557E0106269656A600F3BC4B /* Project object */;
			proxyType = 1;
			remoteGlobalIDString = 557E010D269656A600F3BC4B;
			remoteInfo = GithubTest;
		};
		557E0132269656A800F3BC4B /* PBXContainerItemProxy */ = {
			isa = PBXContainerItemProxy;
			containerPortal = 557E0106269656A600F3BC4B /* Project object */;
			proxyType = 1;
			remoteGlobalIDString = 557E010D269656A600F3BC4B;
			remoteInfo = GithubTest;
		};
/* End PBXContainerItemProxy section */

/* Begin PBXFileReference section */
		557E010E269656A600F3BC4B /* GithubTest.app */ = {isa = PBXFileReference; explicitFileType = wrapper.application; includeInIndex = 0; path = GithubTest.app; sourceTree = BUILT_PRODUCTS_DIR; };
		557E0111269656A600F3BC4B /* AppDelegate.swift */ = {isa = PBXFileReference; lastKnownFileType = sourcecode.swift; path = AppDelegate.swift; sourceTree = "<group>"; };
		557E0113269656A600F3BC4B /* DocumentBrowserViewController.swift */ = {isa = PBXFileReference; lastKnownFileType = sourcecode.swift; path = DocumentBrowserViewController.swift; sourceTree = "<group>"; };
		557E0115269656A600F3BC4B /* DocumentViewController.swift */ = {isa = PBXFileReference; lastKnownFileType = sourcecode.swift; path = DocumentViewController.swift; sourceTree = "<group>"; };
		557E0117269656A600F3BC4B /* Document.swift */ = {isa = PBXFileReference; lastKnownFileType = sourcecode.swift; path = Document.swift; sourceTree = "<group>"; };
		557E011A269656A600F3BC4B /* Base */ = {isa = PBXFileReference; lastKnownFileType = file.storyboard; name = Base; path = Base.lproj/Main.storyboard; sourceTree = "<group>"; };
		557E011C269656A800F3BC4B /* Assets.xcassets */ = {isa = PBXFileReference; lastKnownFileType = folder.assetcatalog; path = Assets.xcassets; sourceTree = "<group>"; };
		557E011F269656A800F3BC4B /* Base */ = {isa = PBXFileReference; lastKnownFileType = file.storyboard; name = Base; path = Base.lproj/LaunchScreen.storyboard; sourceTree = "<group>"; };
		557E0121269656A800F3BC4B /* Info.plist */ = {isa = PBXFileReference; lastKnownFileType = text.plist.xml; path = Info.plist; sourceTree = "<group>"; };
		557E0126269656A800F3BC4B /* GithubTestTests.xctest */ = {isa = PBXFileReference; explicitFileType = wrapper.cfbundle; includeInIndex = 0; path = GithubTestTests.xctest; sourceTree = BUILT_PRODUCTS_DIR; };
		557E012A269656A800F3BC4B /* GithubTestTests.swift */ = {isa = PBXFileReference; lastKnownFileType = sourcecode.swift; path = GithubTestTests.swift; sourceTree = "<group>"; };
		557E012C269656A800F3BC4B /* Info.plist */ = {isa = PBXFileReference; lastKnownFileType = text.plist.xml; path = Info.plist; sourceTree = "<group>"; };
		557E0131269656A800F3BC4B /* GithubTestUITests.xctest */ = {isa = PBXFileReference; explicitFileType = wrapper.cfbundle; includeInIndex = 0; path = GithubTestUITests.xctest; sourceTree = BUILT_PRODUCTS_DIR; };
		557E0135269656A800F3BC4B /* GithubTestUITests.swift */ = {isa = PBXFileReference; lastKnownFileType = sourcecode.swift; path = GithubTestUITests.swift; sourceTree = "<group>"; };
		557E0137269656A800F3BC4B /* Info.plist */ = {isa = PBXFileReference; lastKnownFileType = text.plist.xml; path = Info.plist; sourceTree = "<group>"; };
/* End PBXFileReference section */

/* Begin PBXFrameworksBuildPhase section */
		557E010B269656A600F3BC4B /* Frameworks */ = {
			isa = PBXFrameworksBuildPhase;
			buildActionMask = 2147483647;
			files = (
			);
			runOnlyForDeploymentPostprocessing = 0;
		};
		557E0123269656A800F3BC4B /* Frameworks */ = {
			isa = PBXFrameworksBuildPhase;
			buildActionMask = 2147483647;
			files = (
			);
			runOnlyForDeploymentPostprocessing = 0;
		};
		557E012E269656A800F3BC4B /* Frameworks */ = {
			isa = PBXFrameworksBuildPhase;
			buildActionMask = 2147483647;
			files = (
			);
			runOnlyForDeploymentPostprocessing = 0;
		};
/* End PBXFrameworksBuildPhase section */

/* Begin PBXGroup section */
		557E0105269656A600F3BC4B = {
			isa = PBXGroup;
			children = (
				557E0110269656A600F3BC4B /* GithubTest */,
				557E0129269656A800F3BC4B /* GithubTestTests */,
				557E0134269656A800F3BC4B /* GithubTestUITests */,
				557E010F269656A600F3BC4B /* Products */,
			);
			sourceTree = "<group>";
		};
		557E010F269656A600F3BC4B /* Products */ = {
			isa = PBXGroup;
			children = (
				557E010E269656A600F3BC4B /* GithubTest.app */,
				557E0126269656A800F3BC4B /* GithubTestTests.xctest */,
				557E0131269656A800F3BC4B /* GithubTestUITests.xctest */,
			);
			name = Products;
			sourceTree = "<group>";
		};
		557E0110269656A600F3BC4B /* GithubTest */ = {
			isa = PBXGroup;
			children = (
				557E0111269656A600F3BC4B /* AppDelegate.swift */,
				557E0113269656A600F3BC4B /* DocumentBrowserViewController.swift */,
				557E0115269656A600F3BC4B /* DocumentViewController.swift */,
				557E0117269656A600F3BC4B /* Document.swift */,
				557E0119269656A600F3BC4B /* Main.storyboard */,
				557E011C269656A800F3BC4B /* Assets.xcassets */,
				557E011E269656A800F3BC4B /* LaunchScreen.storyboard */,
				557E0121269656A800F3BC4B /* Info.plist */,
			);
			path = GithubTest;
			sourceTree = "<group>";
		};
		557E0129269656A800F3BC4B /* GithubTestTests */ = {
			isa = PBXGroup;
			children = (
				557E012A269656A800F3BC4B /* GithubTestTests.swift */,
				557E012C269656A800F3BC4B /* Info.plist */,
			);
			path = GithubTestTests;
			sourceTree = "<group>";
		};
		557E0134269656A800F3BC4B /* GithubTestUITests */ = {
			isa = PBXGroup;
			children = (
				557E0135269656A800F3BC4B /* GithubTestUITests.swift */,
				557E0137269656A800F3BC4B /* Info.plist */,
			);
			path = GithubTestUITests;
			sourceTree = "<group>";
		};
/* End PBXGroup section */

/* Begin PBXNativeTarget section */
		557E010D269656A600F3BC4B /* GithubTest */ = {
			isa = PBXNativeTarget;
			buildConfigurationList = 557E013A269656A800F3BC4B /* Build configuration list for PBXNativeTarget "GithubTest" */;
			buildPhases = (
				557E010A269656A600F3BC4B /* Sources */,
				557E010B269656A600F3BC4B /* Frameworks */,
				557E010C269656A600F3BC4B /* Resources */,
			);
			buildRules = (
			);
			dependencies = (
			);
			name = GithubTest;
			productName = GithubTest;
			productReference = 557E010E269656A600F3BC4B /* GithubTest.app */;
			productType = "com.apple.product-type.application";
		};
		557E0125269656A800F3BC4B /* GithubTestTests */ = {
			isa = PBXNativeTarget;
			buildConfigurationList = 557E013D269656A800F3BC4B /* Build configuration list for PBXNativeTarget "GithubTestTests" */;
			buildPhases = (
				557E0122269656A800F3BC4B /* Sources */,
				557E0123269656A800F3BC4B /* Frameworks */,
				557E0124269656A800F3BC4B /* Resources */,
			);
			buildRules = (
			);
			dependencies = (
				557E0128269656A800F3BC4B /* PBXTargetDependency */,
			);
			name = GithubTestTests;
			productName = GithubTestTests;
			productReference = 557E0126269656A800F3BC4B /* GithubTestTests.xctest */;
			productType = "com.apple.product-type.bundle.unit-test";
		};
		557E0130269656A800F3BC4B /* GithubTestUITests */ = {
			isa = PBXNativeTarget;
			buildConfigurationList = 557E0140269656A800F3BC4B /* Build configuration list for PBXNativeTarget "GithubTestUITests" */;
			buildPhases = (
				557E012D269656A800F3BC4B /* Sources */,
				557E012E269656A800F3BC4B /* Frameworks */,
				557E012F269656A800F3BC4B /* Resources */,
			);
			buildRules = (
			);
			dependencies = (
				557E0133269656A800F3BC4B /* PBXTargetDependency */,
			);
			name = GithubTestUITests;
			productName = GithubTestUITests;
			productReference = 557E0131269656A800F3BC4B /* GithubTestUITests.xctest */;
			productType = "com.apple.product-type.bundle.ui-testing";
		};
/* End PBXNativeTarget section */

/* Begin PBXProject section */
		557E0106269656A600F3BC4B /* Project object */ = {
			isa = PBXProject;
			attributes = {
				LastSwiftUpdateCheck = 1250;
				LastUpgradeCheck = 1250;
				TargetAttributes = {
					557E010D269656A600F3BC4B = {
						CreatedOnToolsVersion = 12.5.1;
					};
					557E0125269656A800F3BC4B = {
						CreatedOnToolsVersion = 12.5.1;
						TestTargetID = 557E010D269656A600F3BC4B;
					};
					557E0130269656A800F3BC4B = {
						CreatedOnToolsVersion = 12.5.1;
						TestTargetID = 557E010D269656A600F3BC4B;
					};
				};
			};
			buildConfigurationList = 557E0109269656A600F3BC4B /* Build configuration list for PBXProject "GithubTest" */;
			compatibilityVersion = "Xcode 9.3";
			developmentRegion = en;
			hasScannedForEncodings = 0;
			knownRegions = (
				en,
				Base,
			);
			mainGroup = 557E0105269656A600F3BC4B;
			productRefGroup = 557E010F269656A600F3BC4B /* Products */;
			projectDirPath = "";
			projectRoot = "";
			targets = (
				557E010D269656A600F3BC4B /* GithubTest */,
				557E0125269656A800F3BC4B /* GithubTestTests */,
				557E0130269656A800F3BC4B /* GithubTestUITests */,
			);
		};
/* End PBXProject section */

/* Begin PBXResourcesBuildPhase section */
		557E010C269656A600F3BC4B /* Resources */ = {
			isa = PBXResourcesBuildPhase;
			buildActionMask = 2147483647;
			files = (
				557E0120269656A800F3BC4B /* LaunchScreen.storyboard in Resources */,
				557E011D269656A800F3BC4B /* Assets.xcassets in Resources */,
				557E011B269656A600F3BC4B /* Main.storyboard in Resources */,
			);
			runOnlyForDeploymentPostprocessing = 0;
		};
		557E0124269656A800F3BC4B /* Resources */ = {
			isa = PBXResourcesBuildPhase;
			buildActionMask = 2147483647;
			files = (
			);
			runOnlyForDeploymentPostprocessing = 0;
		};
		557E012F269656A800F3BC4B /* Resources */ = {
			isa = PBXResourcesBuildPhase;
			buildActionMask = 2147483647;
			files = (
			);
			runOnlyForDeploymentPostprocessing = 0;
		};
/* End PBXResourcesBuildPhase section */

/* Begin PBXSourcesBuildPhase section */
		557E010A269656A600F3BC4B /* Sources */ = {
			isa = PBXSourcesBuildPhase;
			buildActionMask = 2147483647;
			files = (
				557E0118269656A600F3BC4B /* Document.swift in Sources */,
				557E0116269656A600F3BC4B /* DocumentViewController.swift in Sources */,
				557E0114269656A600F3BC4B /* DocumentBrowserViewController.swift in Sources */,
				557E0112269656A600F3BC4B /* AppDelegate.swift in Sources */,
			);
			runOnlyForDeploymentPostprocessing = 0;
		};
		557E0122269656A800F3BC4B /* Sources */ = {
			isa = PBXSourcesBuildPhase;
			buildActionMask = 2147483647;
			files = (
				557E012B269656A800F3BC4B /* GithubTestTests.swift in Sources */,
			);
			runOnlyForDeploymentPostprocessing = 0;
		};
		557E012D269656A800F3BC4B /* Sources */ = {
			isa = PBXSourcesBuildPhase;
			buildActionMask = 2147483647;
			files = (
				557E0136269656A800F3BC4B /* GithubTestUITests.swift in Sources */,
			);
			runOnlyForDeploymentPostprocessing = 0;
		};
/* End PBXSourcesBuildPhase section */

/* Begin PBXTargetDependency section */
		557E0128269656A800F3BC4B /* PBXTargetDependency */ = {
			isa = PBXTargetDependency;
			target = 557E010D269656A600F3BC4B /* GithubTest */;
			targetProxy = 557E0127269656A800F3BC4B /* PBXContainerItemProxy */;
		};
		557E0133269656A800F3BC4B /* PBXTargetDependency */ = {
			isa = PBXTargetDependency;
			target = 557E010D269656A600F3BC4B /* GithubTest */;
			targetProxy = 557E0132269656A800F3BC4B /* PBXContainerItemProxy */;
		};
/* End PBXTargetDependency section */

/* Begin PBXVariantGroup section */
		557E0119269656A600F3BC4B /* Main.storyboard */ = {
			isa = PBXVariantGroup;
			children = (
				557E011A269656A600F3BC4B /* Base */,
			);
			name = Main.storyboard;
			sourceTree = "<group>";
		};
		557E011E269656A800F3BC4B /* LaunchScreen.storyboard */ = {
			isa = PBXVariantGroup;
			children = (
				557E011F269656A800F3BC4B /* Base */,
			);
			name = LaunchScreen.storyboard;
			sourceTree = "<group>";
		};
/* End PBXVariantGroup section */

/* Begin XCBuildConfiguration section */
		557E0138269656A800F3BC4B /* Debug */ = {
			isa = XCBuildConfiguration;
			buildSettings = {
				ALWAYS_SEARCH_USER_PATHS = NO;
				CLANG_ANALYZER_NONNULL = YES;
				CLANG_ANALYZER_NUMBER_OBJECT_CONVERSION = YES_AGGRESSIVE;
				CLANG_CXX_LANGUAGE_STANDARD = "gnu++14";
				CLANG_CXX_LIBRARY = "libc++";
				CLANG_ENABLE_MODULES = YES;
				CLANG_ENABLE_OBJC_ARC = YES;
				CLANG_ENABLE_OBJC_WEAK = YES;
				CLANG_WARN_BLOCK_CAPTURE_AUTORELEASING = YES;
				CLANG_WARN_BOOL_CONVERSION = YES;
				CLANG_WARN_COMMA = YES;
				CLANG_WARN_CONSTANT_CONVERSION = YES;
				CLANG_WARN_DEPRECATED_OBJC_IMPLEMENTATIONS = YES;
				CLANG_WARN_DIRECT_OBJC_ISA_USAGE = YES_ERROR;
				CLANG_WARN_DOCUMENTATION_COMMENTS = YES;
				CLANG_WARN_EMPTY_BODY = YES;
				CLANG_WARN_ENUM_CONVERSION = YES;
				CLANG_WARN_INFINITE_RECURSION = YES;
				CLANG_WARN_INT_CONVERSION = YES;
				CLANG_WARN_NON_LITERAL_NULL_CONVERSION = YES;
				CLANG_WARN_OBJC_IMPLICIT_RETAIN_SELF = YES;
				CLANG_WARN_OBJC_LITERAL_CONVERSION = YES;
				CLANG_WARN_OBJC_ROOT_CLASS = YES_ERROR;
				CLANG_WARN_QUOTED_INCLUDE_IN_FRAMEWORK_HEADER = YES;
				CLANG_WARN_RANGE_LOOP_ANALYSIS = YES;
				CLANG_WARN_STRICT_PROTOTYPES = YES;
				CLANG_WARN_SUSPICIOUS_MOVE = YES;
				CLANG_WARN_UNGUARDED_AVAILABILITY = YES_AGGRESSIVE;
				CLANG_WARN_UNREACHABLE_CODE = YES;
				CLANG_WARN__DUPLICATE_METHOD_MATCH = YES;
				COPY_PHASE_STRIP = NO;
				DEBUG_INFORMATION_FORMAT = dwarf;
				ENABLE_STRICT_OBJC_MSGSEND = YES;
				ENABLE_TESTABILITY = YES;
				GCC_C_LANGUAGE_STANDARD = gnu11;
				GCC_DYNAMIC_NO_PIC = NO;
				GCC_NO_COMMON_BLOCKS = YES;
				GCC_OPTIMIZATION_LEVEL = 0;
				GCC_PREPROCESSOR_DEFINITIONS = (
					"DEBUG=1",
					"$(inherited)",
				);
				GCC_WARN_64_TO_32_BIT_CONVERSION = YES;
				GCC_WARN_ABOUT_RETURN_TYPE = YES_ERROR;
				GCC_WARN_UNDECLARED_SELECTOR = YES;
				GCC_WARN_UNINITIALIZED_AUTOS = YES_AGGRESSIVE;
				GCC_WARN_UNUSED_FUNCTION = YES;
				GCC_WARN_UNUSED_VARIABLE = YES;
				IPHONEOS_DEPLOYMENT_TARGET = 14.5;
				MTL_ENABLE_DEBUG_INFO = INCLUDE_SOURCE;
				MTL_FAST_MATH = YES;
				ONLY_ACTIVE_ARCH = YES;
				SDKROOT = iphoneos;
				SWIFT_ACTIVE_COMPILATION_CONDITIONS = DEBUG;
				SWIFT_OPTIMIZATION_LEVEL = "-Onone";
			};
			name = Debug;
		};
		557E0139269656A800F3BC4B /* Release */ = {
			isa = XCBuildConfiguration;
			buildSettings = {
				ALWAYS_SEARCH_USER_PATHS = NO;
				CLANG_ANALYZER_NONNULL = YES;
				CLANG_ANALYZER_NUMBER_OBJECT_CONVERSION = YES_AGGRESSIVE;
				CLANG_CXX_LANGUAGE_STANDARD = "gnu++14";
				CLANG_CXX_LIBRARY = "libc++";
				CLANG_ENABLE_MODULES = YES;
				CLANG_ENABLE_OBJC_ARC = YES;
				CLANG_ENABLE_OBJC_WEAK = YES;
				CLANG_WARN_BLOCK_CAPTURE_AUTORELEASING = YES;
				CLANG_WARN_BOOL_CONVERSION = YES;
				CLANG_WARN_COMMA = YES;
				CLANG_WARN_CONSTANT_CONVERSION = YES;
				CLANG_WARN_DEPRECATED_OBJC_IMPLEMENTATIONS = YES;
				CLANG_WARN_DIRECT_OBJC_ISA_USAGE = YES_ERROR;
				CLANG_WARN_DOCUMENTATION_COMMENTS = YES;
				CLANG_WARN_EMPTY_BODY = YES;
				CLANG_WARN_ENUM_CONVERSION = YES;
				CLANG_WARN_INFINITE_RECURSION = YES;
				CLANG_WARN_INT_CONVERSION = YES;
				CLANG_WARN_NON_LITERAL_NULL_CONVERSION = YES;
				CLANG_WARN_OBJC_IMPLICIT_RETAIN_SELF = YES;
				CLANG_WARN_OBJC_LITERAL_CONVERSION = YES;
				CLANG_WARN_OBJC_ROOT_CLASS = YES_ERROR;
				CLANG_WARN_QUOTED_INCLUDE_IN_FRAMEWORK_HEADER = YES;
				CLANG_WARN_RANGE_LOOP_ANALYSIS = YES;
				CLANG_WARN_STRICT_PROTOTYPES = YES;
				CLANG_WARN_SUSPICIOUS_MOVE = YES;
				CLANG_WARN_UNGUARDED_AVAILABILITY = YES_AGGRESSIVE;
				CLANG_WARN_UNREACHABLE_CODE = YES;
				CLANG_WARN__DUPLICATE_METHOD_MATCH = YES;
				COPY_PHASE_STRIP = NO;
				DEBUG_INFORMATION_FORMAT = "dwarf-with-dsym";
				ENABLE_NS_ASSERTIONS = NO;
				ENABLE_STRICT_OBJC_MSGSEND = YES;
				GCC_C_LANGUAGE_STANDARD = gnu11;
				GCC_NO_COMMON_BLOCKS = YES;
				GCC_WARN_64_TO_32_BIT_CONVERSION = YES;
				GCC_WARN_ABOUT_RETURN_TYPE = YES_ERROR;
				GCC_WARN_UNDECLARED_SELECTOR = YES;
				GCC_WARN_UNINITIALIZED_AUTOS = YES_AGGRESSIVE;
				GCC_WARN_UNUSED_FUNCTION = YES;
				GCC_WARN_UNUSED_VARIABLE = YES;
				IPHONEOS_DEPLOYMENT_TARGET = 14.5;
				MTL_ENABLE_DEBUG_INFO = NO;
				MTL_FAST_MATH = YES;
				SDKROOT = iphoneos;
				SWIFT_COMPILATION_MODE = wholemodule;
				SWIFT_OPTIMIZATION_LEVEL = "-O";
				VALIDATE_PRODUCT = YES;
			};
			name = Release;
		};
		557E013B269656A800F3BC4B /* Debug */ = {
			isa = XCBuildConfiguration;
			buildSettings = {
				ASSETCATALOG_COMPILER_APPICON_NAME = AppIcon;
				ASSETCATALOG_COMPILER_GLOBAL_ACCENT_COLOR_NAME = AccentColor;
				CODE_SIGN_STYLE = Automatic;
				DEVELOPMENT_TEAM = 58PYUM72TW;
				INFOPLIST_FILE = GithubTest/Info.plist;
				LD_RUNPATH_SEARCH_PATHS = (
					"$(inherited)",
					"@executable_path/Frameworks",
				);
				PRODUCT_BUNDLE_IDENTIFIER = "Matheus-Gagliardi.GithubTest";
				PRODUCT_NAME = "$(TARGET_NAME)";
				SWIFT_VERSION = 5.0;
				TARGETED_DEVICE_FAMILY = "1,2";
			};
			name = Debug;
		};
		557E013C269656A800F3BC4B /* Release */ = {
			isa = XCBuildConfiguration;
			buildSettings = {
				ASSETCATALOG_COMPILER_APPICON_NAME = AppIcon;
				ASSETCATALOG_COMPILER_GLOBAL_ACCENT_COLOR_NAME = AccentColor;
				CODE_SIGN_STYLE = Automatic;
				DEVELOPMENT_TEAM = 58PYUM72TW;
				INFOPLIST_FILE = GithubTest/Info.plist;
				LD_RUNPATH_SEARCH_PATHS = (
					"$(inherited)",
					"@executable_path/Frameworks",
				);
				PRODUCT_BUNDLE_IDENTIFIER = "Matheus-Gagliardi.GithubTest";
				PRODUCT_NAME = "$(TARGET_NAME)";
				SWIFT_VERSION = 5.0;
				TARGETED_DEVICE_FAMILY = "1,2";
			};
			name = Release;
		};
		557E013E269656A800F3BC4B /* Debug */ = {
			isa = XCBuildConfiguration;
			buildSettings = {
				ALWAYS_EMBED_SWIFT_STANDARD_LIBRARIES = YES;
				BUNDLE_LOADER = "$(TEST_HOST)";
				CODE_SIGN_STYLE = Automatic;
				DEVELOPMENT_TEAM = 58PYUM72TW;
				INFOPLIST_FILE = GithubTestTests/Info.plist;
				IPHONEOS_DEPLOYMENT_TARGET = 14.5;
				LD_RUNPATH_SEARCH_PATHS = (
					"$(inherited)",
					"@executable_path/Frameworks",
					"@loader_path/Frameworks",
				);
				PRODUCT_BUNDLE_IDENTIFIER = "Matheus-Gagliardi.GithubTestTests";
				PRODUCT_NAME = "$(TARGET_NAME)";
				SWIFT_VERSION = 5.0;
				TARGETED_DEVICE_FAMILY = "1,2";
				TEST_HOST = "$(BUILT_PRODUCTS_DIR)/GithubTest.app/GithubTest";
			};
			name = Debug;
		};
		557E013F269656A800F3BC4B /* Release */ = {
			isa = XCBuildConfiguration;
			buildSettings = {
				ALWAYS_EMBED_SWIFT_STANDARD_LIBRARIES = YES;
				BUNDLE_LOADER = "$(TEST_HOST)";
				CODE_SIGN_STYLE = Automatic;
				DEVELOPMENT_TEAM = 58PYUM72TW;
				INFOPLIST_FILE = GithubTestTests/Info.plist;
				IPHONEOS_DEPLOYMENT_TARGET = 14.5;
				LD_RUNPATH_SEARCH_PATHS = (
					"$(inherited)",
					"@executable_path/Frameworks",
					"@loader_path/Frameworks",
				);
				PRODUCT_BUNDLE_IDENTIFIER = "Matheus-Gagliardi.GithubTestTests";
				PRODUCT_NAME = "$(TARGET_NAME)";
				SWIFT_VERSION = 5.0;
				TARGETED_DEVICE_FAMILY = "1,2";
				TEST_HOST = "$(BUILT_PRODUCTS_DIR)/GithubTest.app/GithubTest";
			};
			name = Release;
		};
		557E0141269656A800F3BC4B /* Debug */ = {
			isa = XCBuildConfiguration;
			buildSettings = {
				ALWAYS_EMBED_SWIFT_STANDARD_LIBRARIES = YES;
				CODE_SIGN_STYLE = Automatic;
				DEVELOPMENT_TEAM = 58PYUM72TW;
				INFOPLIST_FILE = GithubTestUITests/Info.plist;
				LD_RUNPATH_SEARCH_PATHS = (
					"$(inherited)",
					"@executable_path/Frameworks",
					"@loader_path/Frameworks",
				);
				PRODUCT_BUNDLE_IDENTIFIER = "Matheus-Gagliardi.GithubTestUITests";
				PRODUCT_NAME = "$(TARGET_NAME)";
				SWIFT_VERSION = 5.0;
				TARGETED_DEVICE_FAMILY = "1,2";
				TEST_TARGET_NAME = GithubTest;
			};
			name = Debug;
		};
		557E0142269656A800F3BC4B /* Release */ = {
			isa = XCBuildConfiguration;
			buildSettings = {
				ALWAYS_EMBED_SWIFT_STANDARD_LIBRARIES = YES;
				CODE_SIGN_STYLE = Automatic;
				DEVELOPMENT_TEAM = 58PYUM72TW;
				INFOPLIST_FILE = GithubTestUITests/Info.plist;
				LD_RUNPATH_SEARCH_PATHS = (
					"$(inherited)",
					"@executable_path/Frameworks",
					"@loader_path/Frameworks",
				);
				PRODUCT_BUNDLE_IDENTIFIER = "Matheus-Gagliardi.GithubTestUITests";
				PRODUCT_NAME = "$(TARGET_NAME)";
				SWIFT_VERSION = 5.0;
				TARGETED_DEVICE_FAMILY = "1,2";
				TEST_TARGET_NAME = GithubTest;
			};
			name = Release;
		};
/* End XCBuildConfiguration section */

/* Begin XCConfigurationList section */
		557E0109269656A600F3BC4B /* Build configuration list for PBXProject "GithubTest" */ = {
			isa = XCConfigurationList;
			buildConfigurations = (
				557E0138269656A800F3BC4B /* Debug */,
				557E0139269656A800F3BC4B /* Release */,
			);
			defaultConfigurationIsVisible = 0;
			defaultConfigurationName = Release;
		};
		557E013A269656A800F3BC4B /* Build configuration list for PBXNativeTarget "GithubTest" */ = {
			isa = XCConfigurationList;
			buildConfigurations = (
				557E013B269656A800F3BC4B /* Debug */,
				557E013C269656A800F3BC4B /* Release */,
			);
			defaultConfigurationIsVisible = 0;
			defaultConfigurationName = Release;
		};
		557E013D269656A800F3BC4B /* Build configuration list for PBXNativeTarget "GithubTestTests" */ = {
			isa = XCConfigurationList;
			buildConfigurations = (
				557E013E269656A800F3BC4B /* Debug */,
				557E013F269656A800F3BC4B /* Release */,
			);
			defaultConfigurationIsVisible = 0;
			defaultConfigurationName = Release;
		};
		557E0140269656A800F3BC4B /* Build configuration list for PBXNativeTarget "GithubTestUITests" */ = {
			isa = XCConfigurationList;
			buildConfigurations = (
				557E0141269656A800F3BC4B /* Debug */,
				557E0142269656A800F3BC4B /* Release */,
			);
			defaultConfigurationIsVisible = 0;
			defaultConfigurationName = Release;
		};
/* End XCConfigurationList section */
	};
	rootObject = 557E0106269656A600F3BC4B /* Project object */;
}
